
Microsoft Visual Studio Solution File, Format Version 12.00
# Visual Studio 15
VisualStudioVersion = 15.0.28010.2050
MinimumVisualStudioVersion = 10.0.40219.1
Project("{FAE04EC0-301F-11D3-BF4B-00C04F79EFBC}") = "eventCountdown", "eventCountdown\eventCountdown.csproj", "{DD7143D3-38C1-4418-BDB1-3AB6A088077D}"
EndProject
Global
	GlobalSection(SolutionConfigurationPlatforms) = preSolution
		Debug|Any CPU = Debug|Any CPU
		Release|Any CPU = Release|Any CPU
	EndGlobalSection
	GlobalSection(ProjectConfigurationPlatforms) = postSolution
		{DD7143D3-38C1-4418-BDB1-3AB6A088077D}.Debug|Any CPU.ActiveCfg = Debug|Any CPU
		{DD7143D3-38C1-4418-BDB1-3AB6A088077D}.Debug|Any CPU.Build.0 = Debug|Any CPU
		{DD7143D3-38C1-4418-BDB1-3AB6A088077D}.Release|Any CPU.ActiveCfg = Release|Any CPU
		{DD7143D3-38C1-4418-BDB1-3AB6A088077D}.Release|Any CPU.Build.0 = Release|Any CPU
	EndGlobalSection
	GlobalSection(SolutionProperties) = preSolution
		HideSolutionNode = FALSE
	EndGlobalSection
	GlobalSection(ExtensibilityGlobals) = postSolution
		SolutionGuid = {6171DC24-DA04-474B-8EF8-1EC3A5F6C73D}
	EndGlobalSection
EndGlobal
